
Microsoft Visual Studio Solution File, Format Version 12.00
# Visual Studio Version 16
VisualStudioVersion = 16.0.29728.190
MinimumVisualStudioVersion = 10.0.40219.1
Project("{9A19103F-16F7-4668-BE54-9A1E7A4F7556}") = "BMMServer", "BMMServer\BMMServer.csproj", "{4FF1E693-E3EC-45AD-A84D-CDEB1ECB4F28}"
EndProject
Project("{FAE04EC0-301F-11D3-BF4B-00C04F79EFBC}") = "Common", "Common\Common.csproj", "{888090BE-2FBA-4528-9454-17F905CB410E}"
EndProject
Global
	GlobalSection(SolutionConfigurationPlatforms) = preSolution
		Debug|Any CPU = Debug|Any CPU
		Release|Any CPU = Release|Any CPU
	EndGlobalSection
	GlobalSection(ProjectConfigurationPlatforms) = postSolution
		{4FF1E693-E3EC-45AD-A84D-CDEB1ECB4F28}.Debug|Any CPU.ActiveCfg = Debug|Any CPU
		{4FF1E693-E3EC-45AD-A84D-CDEB1ECB4F28}.Debug|Any CPU.Build.0 = Debug|Any CPU
		{4FF1E693-E3EC-45AD-A84D-CDEB1ECB4F28}.Release|Any CPU.ActiveCfg = Release|Any CPU
		{4FF1E693-E3EC-45AD-A84D-CDEB1ECB4F28}.Release|Any CPU.Build.0 = Release|Any CPU
		{888090BE-2FBA-4528-9454-17F905CB410E}.Debug|Any CPU.ActiveCfg = Debug|Any CPU
		{888090BE-2FBA-4528-9454-17F905CB410E}.Debug|Any CPU.Build.0 = Debug|Any CPU
		{888090BE-2FBA-4528-9454-17F905CB410E}.Release|Any CPU.ActiveCfg = Release|Any CPU
		{888090BE-2FBA-4528-9454-17F905CB410E}.Release|Any CPU.Build.0 = Release|Any CPU
	EndGlobalSection
	GlobalSection(SolutionProperties) = preSolution
		HideSolutionNode = FALSE
	EndGlobalSection
	GlobalSection(ExtensibilityGlobals) = postSolution
		SolutionGuid = {19146C62-897F-4914-804C-2841823F6857}
	EndGlobalSection
EndGlobal
